
Microsoft Visual Studio Solution File, Format Version 10.00
# Visual Studio 2008
Project("{FAE04EC0-301F-11D3-BF4B-00C04F79EFBC}") = "BUS", "BUS\BUS.csproj", "{5461ED4B-4090-43AA-94C0-D537B6E0BC1F}"
EndProject
Project("{FAE04EC0-301F-11D3-BF4B-00C04F79EFBC}") = "SuperStar", "SuperStar\SuperStar.csproj", "{1B304311-DAF7-4BBA-85CC-D9B3EED6A03E}"
EndProject
Global
	GlobalSection(SolutionConfigurationPlatforms) = preSolution
		Debug|Any CPU = Debug|Any CPU
		Release|Any CPU = Release|Any CPU
	EndGlobalSection
	GlobalSection(ProjectConfigurationPlatforms) = postSolution
		{5461ED4B-4090-43AA-94C0-D537B6E0BC1F}.Debug|Any CPU.ActiveCfg = Debug|Any CPU
		{5461ED4B-4090-43AA-94C0-D537B6E0BC1F}.Debug|Any CPU.Build.0 = Debug|Any CPU
		{5461ED4B-4090-43AA-94C0-D537B6E0BC1F}.Release|Any CPU.ActiveCfg = Release|Any CPU
		{5461ED4B-4090-43AA-94C0-D537B6E0BC1F}.Release|Any CPU.Build.0 = Release|Any CPU
		{1B304311-DAF7-4BBA-85CC-D9B3EED6A03E}.Debug|Any CPU.ActiveCfg = Debug|Any CPU
		{1B304311-DAF7-4BBA-85CC-D9B3EED6A03E}.Debug|Any CPU.Build.0 = Debug|Any CPU
		{1B304311-DAF7-4BBA-85CC-D9B3EED6A03E}.Release|Any CPU.ActiveCfg = Release|Any CPU
		{1B304311-DAF7-4BBA-85CC-D9B3EED6A03E}.Release|Any CPU.Build.0 = Release|Any CPU
	EndGlobalSection
	GlobalSection(SolutionProperties) = preSolution
		HideSolutionNode = FALSE
	EndGlobalSection
EndGlobal
